
Microsoft Visual Studio Solution File, Format Version 12.00
# Visual Studio Version 17
VisualStudioVersion = 17.9.34902.65
MinimumVisualStudioVersion = 10.0.40219.1
Project("{888888A0-9F3D-457C-B088-3A5042F75D52}") = "LifeLog", "LifeLog\LifeLog.pyproj", "{C58EDE23-9917-4F4D-BFBE-0F9714CA9C3E}"
EndProject
Global
	GlobalSection(SolutionConfigurationPlatforms) = preSolution
		Debug|Any CPU = Debug|Any CPU
		Release|Any CPU = Release|Any CPU
	EndGlobalSection
	GlobalSection(ProjectConfigurationPlatforms) = postSolution
		{C58EDE23-9917-4F4D-BFBE-0F9714CA9C3E}.Debug|Any CPU.ActiveCfg = Debug|Any CPU
		{C58EDE23-9917-4F4D-BFBE-0F9714CA9C3E}.Debug|Any CPU.Build.0 = Debug|Any CPU
		{C58EDE23-9917-4F4D-BFBE-0F9714CA9C3E}.Release|Any CPU.ActiveCfg = Release|Any CPU
		{C58EDE23-9917-4F4D-BFBE-0F9714CA9C3E}.Release|Any CPU.Build.0 = Release|Any CPU
	EndGlobalSection
	GlobalSection(SolutionProperties) = preSolution
		HideSolutionNode = FALSE
	EndGlobalSection
	GlobalSection(ExtensibilityGlobals) = postSolution
		SolutionGuid = {65888F40-B483-4571-ABD7-407FE6212A68}
	EndGlobalSection
EndGlobal
